schema_version: 1.0.0
lot: BUILD_LOT_0
classification: EVT / engineering validation
locked_at_utc: '2026-08-07T23:39:45Z'
note: Digital baseline freeze for first physical construction. Not production.
repositories:
- repo: anime-aggressors
  accepted_main_sha: 5a47ed9b0e4201c1e2f14e5ad1c9251a96f3337e
  role: build_lot_0_pin
- repo: archive-of-life-artifact-world
  accepted_main_sha: 798dfe88b2a2a7b1dd5f0c7e8ea46867c502e431
  role: build_lot_0_pin
- repo: beatlink-party
  accepted_main_sha: b734316405655552ba7177aeec4bd0952a00e359
  role: build_lot_0_pin
- repo: edge-io-measurement-node
  accepted_main_sha: 4b39b597f07e62ddded9a820549b24b911de1daf
  role: build_lot_0_pin
- repo: gunnchAI3k
  accepted_main_sha: 9678ac8bfd7c3d0bb2e4e86b18ebb33a69116b1e
  role: build_lot_0_pin
- repo: gunnchos-7gc-ai-ran-field-kit
  accepted_main_sha: c621a9018ca0907c18d9086510670a8b1f90be4a
  role: build_lot_0_pin
- repo: gunnchos-device-os
  accepted_main_sha: c4d99234989264ec6d8017a328c75005c7df613a
  role: build_lot_0_pin
- repo: gunnchos-hardware-industrial-design
  accepted_main_sha: d2c881e2352506f5c4a26ade4c7bcfb985e3ddd9
  role: build_lot_0_pin
- repo: pedestrian-pursuit
  accepted_main_sha: 074f247639526780eca6deac892686282b4ffac0
  role: build_lot_0_pin
