schema_version: 1.0.0
generated_at_utc: "2026-08-07T20:46:38Z"
policy: main is the only default integration branch; Gate 1 post-merge integrity pins verified merge OIDs
control_plane:
  repository: gunnchos-7gc-ai-ran-field-kit
  main_oid: 339aab124edaf96e6b7ac95bf7c580fd5d68ecb1
  verified: true
locked_mains:
  - repository: gunnchos-7gc-ai-ran-field-kit
    main_oid: 339aab124edaf96e6b7ac95bf7c580fd5d68ecb1
    pr: 14
    result: VERIFIED
  - repository: gunnchos-device-os
    main_oid: a22cfb9f6751acbf845d414cd215b4652e8ff354
    pr: 51
    result: VERIFIED
  - repository: gunnchos-hardware-industrial-design
    main_oid: ca24e7fefafcb3f2a4b0067a4f0cc96873823aea
    pr: 37
    result: VERIFIED
  - repository: edge-io-measurement-node
    main_oid: 7939f7fdfc07f273f6290c7aafa7cef3a437424c
    pr: 25
    result: VERIFIED
  - repository: gunnchAI3k
    main_oid: 876732446957a79232f80bac9f37bd030155c267
    pr: 19
    result: VERIFIED
  - repository: beatlink-party
    main_oid: 8065efdb23c9b2bca6308ddc861c11a5d881d576
    pr: 4
    result: VERIFIED
  - repository: archive-of-life-artifact-world
    main_oid: 40058b432a4417bb3d85f040ce7d810c34b03745
    pr: 12
    result: VERIFIED
  - repository: pedestrian-pursuit
    main_oid: 614e0d37c34ac19d3de6e6757bf5991258991b69
    pr: 4
    result: VERIFIED
  - repository: anime-aggressors
    main_oid: 935436d755152f6a1ee245ce60abaf188972138f
    pr: 58
    result: VERIFIED
